
Microsoft Visual Studio Solution File, Format Version 12.00
# Visual Studio Version 17
VisualStudioVersion = 17.3.32819.101
MinimumVisualStudioVersion = 10.0.40219.1
Project("{FAE04EC0-301F-11D3-BF4B-00C04F79EFBC}") = "trees", "trees.csproj", "{0417A6CD-513C-41CD-A3A3-BDEE9C27896D}"
EndProject
Global
	GlobalSection(SolutionConfigurationPlatforms) = preSolution
		Debug|Any CPU = Debug|Any CPU
		Release|Any CPU = Release|Any CPU
	EndGlobalSection
	GlobalSection(ProjectConfigurationPlatforms) = postSolution
		{0417A6CD-513C-41CD-A3A3-BDEE9C27896D}.Debug|Any CPU.ActiveCfg = Debug|Any CPU
		{0417A6CD-513C-41CD-A3A3-BDEE9C27896D}.Debug|Any CPU.Build.0 = Debug|Any CPU
		{0417A6CD-513C-41CD-A3A3-BDEE9C27896D}.Release|Any CPU.ActiveCfg = Release|Any CPU
		{0417A6CD-513C-41CD-A3A3-BDEE9C27896D}.Release|Any CPU.Build.0 = Release|Any CPU
	EndGlobalSection
	GlobalSection(SolutionProperties) = preSolution
		HideSolutionNode = FALSE
	EndGlobalSection
	GlobalSection(ExtensibilityGlobals) = postSolution
		SolutionGuid = {5FF4F1D6-7AD7-47EE-AC83-28D4F2A08988}
	EndGlobalSection
EndGlobal
